
Microsoft Visual Studio Solution File, Format Version 12.00
# Visual Studio Version 17
VisualStudioVersion = 17.8.34309.116
MinimumVisualStudioVersion = 10.0.40219.1
Project("{8BC9CEB8-8B4A-11D0-8D11-00A0C91BC942}") = "3DEngine", "3DEngine\3DEngine.vcxproj", "{C5EC772D-EDEA-48BE-859F-F9C158DEE515}"
EndProject
Project("{8BC9CEB8-8B4A-11D0-8D11-00A0C91BC942}") = "BlockGame", "BlockGame\BlockGame.vcxproj", "{F3E13EFA-AA7B-4B14-8D85-6812179577DC}"
EndProject
Global
	GlobalSection(SolutionConfigurationPlatforms) = preSolution
		Debug|x64 = Debug|x64
		Debug|x86 = Debug|x86
		Release|x64 = Release|x64
		Release|x86 = Release|x86
	EndGlobalSection
	GlobalSection(ProjectConfigurationPlatforms) = postSolution
		{C5EC772D-EDEA-48BE-859F-F9C158DEE515}.Debug|x64.ActiveCfg = Debug|x64
		{C5EC772D-EDEA-48BE-859F-F9C158DEE515}.Debug|x64.Build.0 = Debug|x64
		{C5EC772D-EDEA-48BE-859F-F9C158DEE515}.Debug|x86.ActiveCfg = Debug|Win32
		{C5EC772D-EDEA-48BE-859F-F9C158DEE515}.Debug|x86.Build.0 = Debug|Win32
		{C5EC772D-EDEA-48BE-859F-F9C158DEE515}.Release|x64.ActiveCfg = Release|x64
		{C5EC772D-EDEA-48BE-859F-F9C158DEE515}.Release|x64.Build.0 = Release|x64
		{C5EC772D-EDEA-48BE-859F-F9C158DEE515}.Release|x86.ActiveCfg = Release|Win32
		{C5EC772D-EDEA-48BE-859F-F9C158DEE515}.Release|x86.Build.0 = Release|Win32
		{F3E13EFA-AA7B-4B14-8D85-6812179577DC}.Debug|x64.ActiveCfg = Debug|x64
		{F3E13EFA-AA7B-4B14-8D85-6812179577DC}.Debug|x64.Build.0 = Debug|x64
		{F3E13EFA-AA7B-4B14-8D85-6812179577DC}.Debug|x86.ActiveCfg = Debug|Win32
		{F3E13EFA-AA7B-4B14-8D85-6812179577DC}.Debug|x86.Build.0 = Debug|Win32
		{F3E13EFA-AA7B-4B14-8D85-6812179577DC}.Release|x64.ActiveCfg = Release|x64
		{F3E13EFA-AA7B-4B14-8D85-6812179577DC}.Release|x64.Build.0 = Release|x64
		{F3E13EFA-AA7B-4B14-8D85-6812179577DC}.Release|x86.ActiveCfg = Release|Win32
		{F3E13EFA-AA7B-4B14-8D85-6812179577DC}.Release|x86.Build.0 = Release|Win32
	EndGlobalSection
	GlobalSection(SolutionProperties) = preSolution
		HideSolutionNode = FALSE
	EndGlobalSection
	GlobalSection(ExtensibilityGlobals) = postSolution
		SolutionGuid = {88284781-957C-4CDE-AEBF-AF5383A9D836}
	EndGlobalSection
EndGlobal
